
Microsoft Visual Studio Solution File, Format Version 12.00
# Visual Studio 15
VisualStudioVersion = 15.0.28307.168
MinimumVisualStudioVersion = 10.0.40219.1
Project("{FAE04EC0-301F-11D3-BF4B-00C04F79EFBC}") = "MiniCarsales", "MiniCarsales\MiniCarsales.csproj", "{4A58D574-4723-47D1-B2FF-FB74ED8191CF}"
EndProject
Project("{FAE04EC0-301F-11D3-BF4B-00C04F79EFBC}") = "MiniCarsales.Tests", "..\MiniCarsales.Tests\MiniCarsales.Tests.csproj", "{5566A1B1-E090-4915-A675-DC078F45D86C}"
EndProject
Global
	GlobalSection(SolutionConfigurationPlatforms) = preSolution
		Debug|Any CPU = Debug|Any CPU
		Release|Any CPU = Release|Any CPU
	EndGlobalSection
	GlobalSection(ProjectConfigurationPlatforms) = postSolution
		{4A58D574-4723-47D1-B2FF-FB74ED8191CF}.Debug|Any CPU.ActiveCfg = Debug|Any CPU
		{4A58D574-4723-47D1-B2FF-FB74ED8191CF}.Debug|Any CPU.Build.0 = Debug|Any CPU
		{4A58D574-4723-47D1-B2FF-FB74ED8191CF}.Release|Any CPU.ActiveCfg = Release|Any CPU
		{4A58D574-4723-47D1-B2FF-FB74ED8191CF}.Release|Any CPU.Build.0 = Release|Any CPU
		{5566A1B1-E090-4915-A675-DC078F45D86C}.Debug|Any CPU.ActiveCfg = Debug|Any CPU
		{5566A1B1-E090-4915-A675-DC078F45D86C}.Debug|Any CPU.Build.0 = Debug|Any CPU
		{5566A1B1-E090-4915-A675-DC078F45D86C}.Release|Any CPU.ActiveCfg = Release|Any CPU
		{5566A1B1-E090-4915-A675-DC078F45D86C}.Release|Any CPU.Build.0 = Release|Any CPU
	EndGlobalSection
	GlobalSection(SolutionProperties) = preSolution
		HideSolutionNode = FALSE
	EndGlobalSection
	GlobalSection(ExtensibilityGlobals) = postSolution
		SolutionGuid = {FDFA7452-BAD7-4CFF-9AD6-CB0E861DA922}
	EndGlobalSection
EndGlobal
